// !$*UTF8*$!
{
	archiveVersion = 1;
	classes = {
	};
	objectVersion = 46;
	objects = {

/* Begin PBXBuildFile section */
		03063ECF17F5FAAD007D7A97 /* Foundation.framework in Frameworks */ = {isa = PBXBuildFile; fileRef = 03063ECE17F5FAAD007D7A97 /* Foundation.framework */; };
		03063ED117F5FAAD007D7A97 /* CoreGraphics.framework in Frameworks */ = {isa = PBXBuildFile; fileRef = 03063ED017F5FAAD007D7A97 /* CoreGraphics.framework */; };
		03063ED317F5FAAD007D7A97 /* UIKit.framework in Frameworks */ = {isa = PBXBuildFile; fileRef = 03063ED217F5FAAD007D7A97 /* UIKit.framework */; };
		03063ED917F5FAAD007D7A97 /* InfoPlist.strings in Resources */ = {isa = PBXBuildFile; fileRef = 03063ED717F5FAAD007D7A97 /* InfoPlist.strings */; };
		03063EDB17F5FAAD007D7A97 /* main.m in Sources */ = {isa = PBXBuildFile; fileRef = 03063EDA17F5FAAD007D7A97 /* main.m */; };
		03063EDF17F5FAAD007D7A97 /* IFTTTJazzHandsAppDelegate.m in Sources */ = {isa = PBXBuildFile; fileRef = 03063EDE17F5FAAD007D7A97 /* IFTTTJazzHandsAppDelegate.m */; };
		03063EE117F5FAAD007D7A97 /* Images.xcassets in Resources */ = {isa = PBXBuildFile; fileRef = 03063EE017F5FAAD007D7A97 /* Images.xcassets */; };
		03063EE817F5FAAD007D7A97 /* XCTest.framework in Frameworks */ = {isa = PBXBuildFile; fileRef = 03063EE717F5FAAD007D7A97 /* XCTest.framework */; };
		03063EE917F5FAAD007D7A97 /* Foundation.framework in Frameworks */ = {isa = PBXBuildFile; fileRef = 03063ECE17F5FAAD007D7A97 /* Foundation.framework */; };
		03063EEA17F5FAAD007D7A97 /* UIKit.framework in Frameworks */ = {isa = PBXBuildFile; fileRef = 03063ED217F5FAAD007D7A97 /* UIKit.framework */; };
		03063EF217F5FAAD007D7A97 /* InfoPlist.strings in Resources */ = {isa = PBXBuildFile; fileRef = 03063EF017F5FAAD007D7A97 /* InfoPlist.strings */; };
		03063EF417F5FAAD007D7A97 /* JazzHandsDemoTests.m in Sources */ = {isa = PBXBuildFile; fileRef = 03063EF317F5FAAD007D7A97 /* JazzHandsDemoTests.m */; };
		03063F1217F5FB91007D7A97 /* IFTTTAnimatedScrollViewController.m in Sources */ = {isa = PBXBuildFile; fileRef = 03063F0B17F5FB91007D7A97 /* IFTTTAnimatedScrollViewController.m */; };
		03063F1417F5FB91007D7A97 /* IFTTTAnimation.m in Sources */ = {isa = PBXBuildFile; fileRef = 03063F0F17F5FB91007D7A97 /* IFTTTAnimation.m */; };
		03063F1517F5FB91007D7A97 /* IFTTTAnimationKeyFrame.m in Sources */ = {isa = PBXBuildFile; fileRef = 03063F1117F5FB91007D7A97 /* IFTTTAnimationKeyFrame.m */; };
		03063F1F17F5FC61007D7A97 /* IFTTTJazzHandsViewController.m in Sources */ = {isa = PBXBuildFile; fileRef = 03063F1D17F5FC61007D7A97 /* IFTTTJazzHandsViewController.m */; };
		03063F2917F61DBE007D7A97 /* IFTTTAnimationFrame.m in Sources */ = {isa = PBXBuildFile; fileRef = 03063F2817F61DBE007D7A97 /* IFTTTAnimationFrame.m */; };
		03063F3817F6B1E3007D7A97 /* IFTTTFrameAnimation.m in Sources */ = {isa = PBXBuildFile; fileRef = 03063F3717F6B1E3007D7A97 /* IFTTTFrameAnimation.m */; };
		03063F3B17F6B2BB007D7A97 /* IFTTTAlphaAnimation.m in Sources */ = {isa = PBXBuildFile; fileRef = 03063F3A17F6B2BB007D7A97 /* IFTTTAlphaAnimation.m */; };
		03063F9A17F772A1007D7A97 /* IFTTTAnimator.m in Sources */ = {isa = PBXBuildFile; fileRef = 03063F9717F772A1007D7A97 /* IFTTTAnimator.m */; };
		03063F9B17F772A1007D7A97 /* IFTTTHideAnimation.m in Sources */ = {isa = PBXBuildFile; fileRef = 03063F9917F772A1007D7A97 /* IFTTTHideAnimation.m */; };
/* End PBXBuildFile section */

/* Begin PBXContainerItemProxy section */
		03063EEB17F5FAAD007D7A97 /* PBXContainerItemProxy */ = {
			isa = PBXContainerItemProxy;
			containerPortal = 03063EC317F5FAAC007D7A97 /* Project object */;
			proxyType = 1;
			remoteGlobalIDString = 03063ECA17F5FAAD007D7A97;
			remoteInfo = JazzHandsDemo;
		};
/* End PBXContainerItemProxy section */

/* Begin PBXFileReference section */
		03063ECB17F5FAAD007D7A97 /* JazzHandsDemo.app */ = {isa = PBXFileReference; explicitFileType = wrapper.application; includeInIndex = 0; path = JazzHandsDemo.app; sourceTree = BUILT_PRODUCTS_DIR; };
		03063ECE17F5FAAD007D7A97 /* Foundation.framework */ = {isa = PBXFileReference; lastKnownFileType = wrapper.framework; name = Foundation.framework; path = System/Library/Frameworks/Foundation.framework; sourceTree = SDKROOT; };
		03063ED017F5FAAD007D7A97 /* CoreGraphics.framework */ = {isa = PBXFileReference; lastKnownFileType = wrapper.framework; name = CoreGraphics.framework; path = System/Library/Frameworks/CoreGraphics.framework; sourceTree = SDKROOT; };
		03063ED217F5FAAD007D7A97 /* UIKit.framework */ = {isa = PBXFileReference; lastKnownFileType = wrapper.framework; name = UIKit.framework; path = System/Library/Frameworks/UIKit.framework; sourceTree = SDKROOT; };
		03063ED617F5FAAD007D7A97 /* JazzHandsDemo-Info.plist */ = {isa = PBXFileReference; lastKnownFileType = text.plist.xml; path = "JazzHandsDemo-Info.plist"; sourceTree = "<group>"; };
		03063ED817F5FAAD007D7A97 /* en */ = {isa = PBXFileReference; lastKnownFileType = text.plist.strings; name = en; path = en.lproj/InfoPlist.strings; sourceTree = "<group>"; };
		03063EDA17F5FAAD007D7A97 /* main.m */ = {isa = PBXFileReference; lastKnownFileType = sourcecode.c.objc; path = main.m; sourceTree = "<group>"; };
		03063EDC17F5FAAD007D7A97 /* JazzHandsDemo-Prefix.pch */ = {isa = PBXFileReference; lastKnownFileType = sourcecode.c.h; path = "JazzHandsDemo-Prefix.pch"; sourceTree = "<group>"; };
		03063EDD17F5FAAD007D7A97 /* IFTTTJazzHandsAppDelegate.h */ = {isa = PBXFileReference; lastKnownFileType = sourcecode.c.h; path = IFTTTJazzHandsAppDelegate.h; sourceTree = "<group>"; };
		03063EDE17F5FAAD007D7A97 /* IFTTTJazzHandsAppDelegate.m */ = {isa = PBXFileReference; lastKnownFileType = sourcecode.c.objc; path = IFTTTJazzHandsAppDelegate.m; sourceTree = "<group>"; };
		03063EE017F5FAAD007D7A97 /* Images.xcassets */ = {isa = PBXFileReference; lastKnownFileType = folder.assetcatalog; path = Images.xcassets; sourceTree = "<group>"; };
		03063EE617F5FAAD007D7A97 /* JazzHandsDemoTests.xctest */ = {isa = PBXFileReference; explicitFileType = wrapper.cfbundle; includeInIndex = 0; path = JazzHandsDemoTests.xctest; sourceTree = BUILT_PRODUCTS_DIR; };
		03063EE717F5FAAD007D7A97 /* XCTest.framework */ = {isa = PBXFileReference; lastKnownFileType = wrapper.framework; name = XCTest.framework; path = Library/Frameworks/XCTest.framework; sourceTree = DEVELOPER_DIR; };
		03063EEF17F5FAAD007D7A97 /* JazzHandsDemoTests-Info.plist */ = {isa = PBXFileReference; lastKnownFileType = text.plist.xml; path = "JazzHandsDemoTests-Info.plist"; sourceTree = "<group>"; };
		03063EF117F5FAAD007D7A97 /* en */ = {isa = PBXFileReference; lastKnownFileType = text.plist.strings; name = en; path = en.lproj/InfoPlist.strings; sourceTree = "<group>"; };
		03063EF317F5FAAD007D7A97 /* JazzHandsDemoTests.m */ = {isa = PBXFileReference; lastKnownFileType = sourcecode.c.objc; path = JazzHandsDemoTests.m; sourceTree = "<group>"; };
		03063F0A17F5FB91007D7A97 /* IFTTTAnimatedScrollViewController.h */ = {isa = PBXFileReference; fileEncoding = 4; lastKnownFileType = sourcecode.c.h; name = IFTTTAnimatedScrollViewController.h; path = ../src/IFTTTAnimatedScrollViewController.h; sourceTree = "<group>"; };
		03063F0B17F5FB91007D7A97 /* IFTTTAnimatedScrollViewController.m */ = {isa = PBXFileReference; fileEncoding = 4; lastKnownFileType = sourcecode.c.objc; name = IFTTTAnimatedScrollViewController.m; path = ../src/IFTTTAnimatedScrollViewController.m; sourceTree = "<group>"; };
		03063F0E17F5FB91007D7A97 /* IFTTTAnimation.h */ = {isa = PBXFileReference; fileEncoding = 4; lastKnownFileType = sourcecode.c.h; name = IFTTTAnimation.h; path = ../src/IFTTTAnimation.h; sourceTree = "<group>"; };
		03063F0F17F5FB91007D7A97 /* IFTTTAnimation.m */ = {isa = PBXFileReference; fileEncoding = 4; lastKnownFileType = sourcecode.c.objc; name = IFTTTAnimation.m; path = ../src/IFTTTAnimation.m; sourceTree = "<group>"; };
		03063F1017F5FB91007D7A97 /* IFTTTAnimationKeyFrame.h */ = {isa = PBXFileReference; fileEncoding = 4; lastKnownFileType = sourcecode.c.h; name = IFTTTAnimationKeyFrame.h; path = ../src/IFTTTAnimationKeyFrame.h; sourceTree = "<group>"; };
		03063F1117F5FB91007D7A97 /* IFTTTAnimationKeyFrame.m */ = {isa = PBXFileReference; fileEncoding = 4; lastKnownFileType = sourcecode.c.objc; name = IFTTTAnimationKeyFrame.m; path = ../src/IFTTTAnimationKeyFrame.m; sourceTree = "<group>"; };
		03063F1B17F5FC61007D7A97 /* IFTTTJazzHandsViewController.h */ = {isa = PBXFileReference; fileEncoding = 4; lastKnownFileType = sourcecode.c.h; path = IFTTTJazzHandsViewController.h; sourceTree = "<group>"; };
		03063F1D17F5FC61007D7A97 /* IFTTTJazzHandsViewController.m */ = {isa = PBXFileReference; fileEncoding = 4; lastKnownFileType = sourcecode.c.objc; path = IFTTTJazzHandsViewController.m; sourceTree = "<group>"; };
		03063F2717F61DBE007D7A97 /* IFTTTAnimationFrame.h */ = {isa = PBXFileReference; fileEncoding = 4; lastKnownFileType = sourcecode.c.h; name = IFTTTAnimationFrame.h; path = ../src/IFTTTAnimationFrame.h; sourceTree = "<group>"; };
		03063F2817F61DBE007D7A97 /* IFTTTAnimationFrame.m */ = {isa = PBXFileReference; fileEncoding = 4; lastKnownFileType = sourcecode.c.objc; name = IFTTTAnimationFrame.m; path = ../src/IFTTTAnimationFrame.m; sourceTree = "<group>"; };
		03063F3617F6B1E3007D7A97 /* IFTTTFrameAnimation.h */ = {isa = PBXFileReference; fileEncoding = 4; lastKnownFileType = sourcecode.c.h; name = IFTTTFrameAnimation.h; path = ../src/IFTTTFrameAnimation.h; sourceTree = "<group>"; };
		03063F3717F6B1E3007D7A97 /* IFTTTFrameAnimation.m */ = {isa = PBXFileReference; fileEncoding = 4; lastKnownFileType = sourcecode.c.objc; name = IFTTTFrameAnimation.m; path = ../src/IFTTTFrameAnimation.m; sourceTree = "<group>"; };
		03063F3917F6B2BB007D7A97 /* IFTTTAlphaAnimation.h */ = {isa = PBXFileReference; fileEncoding = 4; lastKnownFileType = sourcecode.c.h; name = IFTTTAlphaAnimation.h; path = ../src/IFTTTAlphaAnimation.h; sourceTree = "<group>"; };
		03063F3A17F6B2BB007D7A97 /* IFTTTAlphaAnimation.m */ = {isa = PBXFileReference; fileEncoding = 4; lastKnownFileType = sourcecode.c.objc; name = IFTTTAlphaAnimation.m; path = ../src/IFTTTAlphaAnimation.m; sourceTree = "<group>"; };
		03063F9617F772A1007D7A97 /* IFTTTAnimator.h */ = {isa = PBXFileReference; fileEncoding = 4; lastKnownFileType = sourcecode.c.h; name = IFTTTAnimator.h; path = ../src/IFTTTAnimator.h; sourceTree = "<group>"; };
		03063F9717F772A1007D7A97 /* IFTTTAnimator.m */ = {isa = PBXFileReference; fileEncoding = 4; lastKnownFileType = sourcecode.c.objc; name = IFTTTAnimator.m; path = ../src/IFTTTAnimator.m; sourceTree = "<group>"; };
		03063F9817F772A1007D7A97 /* IFTTTHideAnimation.h */ = {isa = PBXFileReference; fileEncoding = 4; lastKnownFileType = sourcecode.c.h; name = IFTTTHideAnimation.h; path = ../src/IFTTTHideAnimation.h; sourceTree = "<group>"; };
		03063F9917F772A1007D7A97 /* IFTTTHideAnimation.m */ = {isa = PBXFileReference; fileEncoding = 4; lastKnownFileType = sourcecode.c.objc; name = IFTTTHideAnimation.m; path = ../src/IFTTTHideAnimation.m; sourceTree = "<group>"; };
		03063F9F17F79D14007D7A97 /* IFTTTJazzHands.h */ = {isa = PBXFileReference; fileEncoding = 4; lastKnownFileType = sourcecode.c.h; name = IFTTTJazzHands.h; path = ../src/IFTTTJazzHands.h; sourceTree = "<group>"; };
/* End PBXFileReference section */

/* Begin PBXFrameworksBuildPhase section */
		03063EC817F5FAAD007D7A97 /* Frameworks */ = {
			isa = PBXFrameworksBuildPhase;
			buildActionMask = 2147483647;
			files = (
				03063ED117F5FAAD007D7A97 /* CoreGraphics.framework in Frameworks */,
				03063ED317F5FAAD007D7A97 /* UIKit.framework in Frameworks */,
				03063ECF17F5FAAD007D7A97 /* Foundation.framework in Frameworks */,
			);
			runOnlyForDeploymentPostprocessing = 0;
		};
		03063EE317F5FAAD007D7A97 /* Frameworks */ = {
			isa = PBXFrameworksBuildPhase;
			buildActionMask = 2147483647;
			files = (
				03063EE817F5FAAD007D7A97 /* XCTest.framework in Frameworks */,
				03063EEA17F5FAAD007D7A97 /* UIKit.framework in Frameworks */,
				03063EE917F5FAAD007D7A97 /* Foundation.framework in Frameworks */,
			);
			runOnlyForDeploymentPostprocessing = 0;
		};
/* End PBXFrameworksBuildPhase section */

/* Begin PBXGroup section */
		03063EC217F5FAAC007D7A97 = {
			isa = PBXGroup;
			children = (
				03063EFD17F5FB4E007D7A97 /* JazzHands */,
				03063ED417F5FAAD007D7A97 /* JazzHandsDemo */,
				03063EED17F5FAAD007D7A97 /* JazzHandsDemoTests */,
				03063ECD17F5FAAD007D7A97 /* Frameworks */,
				03063ECC17F5FAAD007D7A97 /* Products */,
			);
			sourceTree = "<group>";
		};
		03063ECC17F5FAAD007D7A97 /* Products */ = {
			isa = PBXGroup;
			children = (
				03063ECB17F5FAAD007D7A97 /* JazzHandsDemo.app */,
				03063EE617F5FAAD007D7A97 /* JazzHandsDemoTests.xctest */,
			);
			name = Products;
			sourceTree = "<group>";
		};
		03063ECD17F5FAAD007D7A97 /* Frameworks */ = {
			isa = PBXGroup;
			children = (
				03063ECE17F5FAAD007D7A97 /* Foundation.framework */,
				03063ED017F5FAAD007D7A97 /* CoreGraphics.framework */,
				03063ED217F5FAAD007D7A97 /* UIKit.framework */,
				03063EE717F5FAAD007D7A97 /* XCTest.framework */,
			);
			name = Frameworks;
			sourceTree = "<group>";
		};
		03063ED417F5FAAD007D7A97 /* JazzHandsDemo */ = {
			isa = PBXGroup;
			children = (
				03063F1B17F5FC61007D7A97 /* IFTTTJazzHandsViewController.h */,
				03063F1D17F5FC61007D7A97 /* IFTTTJazzHandsViewController.m */,
				03063EDD17F5FAAD007D7A97 /* IFTTTJazzHandsAppDelegate.h */,
				03063EDE17F5FAAD007D7A97 /* IFTTTJazzHandsAppDelegate.m */,
				03063EE017F5FAAD007D7A97 /* Images.xcassets */,
				03063ED517F5FAAD007D7A97 /* Supporting Files */,
			);
			path = JazzHandsDemo;
			sourceTree = "<group>";
		};
		03063ED517F5FAAD007D7A97 /* Supporting Files */ = {
			isa = PBXGroup;
			children = (
				03063ED617F5FAAD007D7A97 /* JazzHandsDemo-Info.plist */,
				03063ED717F5FAAD007D7A97 /* InfoPlist.strings */,
				03063EDA17F5FAAD007D7A97 /* main.m */,
				03063EDC17F5FAAD007D7A97 /* JazzHandsDemo-Prefix.pch */,
			);
			name = "Supporting Files";
			sourceTree = "<group>";
		};
		03063EED17F5FAAD007D7A97 /* JazzHandsDemoTests */ = {
			isa = PBXGroup;
			children = (
				03063EF317F5FAAD007D7A97 /* JazzHandsDemoTests.m */,
				03063EEE17F5FAAD007D7A97 /* Supporting Files */,
			);
			path = JazzHandsDemoTests;
			sourceTree = "<group>";
		};
		03063EEE17F5FAAD007D7A97 /* Supporting Files */ = {
			isa = PBXGroup;
			children = (
				03063EEF17F5FAAD007D7A97 /* JazzHandsDemoTests-Info.plist */,
				03063EF017F5FAAD007D7A97 /* InfoPlist.strings */,
			);
			name = "Supporting Files";
			sourceTree = "<group>";
		};
		03063EFD17F5FB4E007D7A97 /* JazzHands */ = {
			isa = PBXGroup;
			children = (
				03063F9F17F79D14007D7A97 /* IFTTTJazzHands.h */,
				03063F9617F772A1007D7A97 /* IFTTTAnimator.h */,
				03063F9717F772A1007D7A97 /* IFTTTAnimator.m */,
				03063F0E17F5FB91007D7A97 /* IFTTTAnimation.h */,
				03063F0F17F5FB91007D7A97 /* IFTTTAnimation.m */,
				03063F0A17F5FB91007D7A97 /* IFTTTAnimatedScrollViewController.h */,
				03063F0B17F5FB91007D7A97 /* IFTTTAnimatedScrollViewController.m */,
				03063F1017F5FB91007D7A97 /* IFTTTAnimationKeyFrame.h */,
				03063F1117F5FB91007D7A97 /* IFTTTAnimationKeyFrame.m */,
				03063F2717F61DBE007D7A97 /* IFTTTAnimationFrame.h */,
				03063F2817F61DBE007D7A97 /* IFTTTAnimationFrame.m */,
				03063F3617F6B1E3007D7A97 /* IFTTTFrameAnimation.h */,
				03063F3717F6B1E3007D7A97 /* IFTTTFrameAnimation.m */,
				03063F3917F6B2BB007D7A97 /* IFTTTAlphaAnimation.h */,
				03063F3A17F6B2BB007D7A97 /* IFTTTAlphaAnimation.m */,
				03063F9817F772A1007D7A97 /* IFTTTHideAnimation.h */,
				03063F9917F772A1007D7A97 /* IFTTTHideAnimation.m */,
			);
			name = JazzHands;
			sourceTree = "<group>";
		};
/* End PBXGroup section */

/* Begin PBXNativeTarget section */
		03063ECA17F5FAAD007D7A97 /* JazzHandsDemo */ = {
			isa = PBXNativeTarget;
			buildConfigurationList = 03063EF717F5FAAD007D7A97 /* Build configuration list for PBXNativeTarget "JazzHandsDemo" */;
			buildPhases = (
				03063EC717F5FAAD007D7A97 /* Sources */,
				03063EC817F5FAAD007D7A97 /* Frameworks */,
				03063EC917F5FAAD007D7A97 /* Resources */,
			);
			buildRules = (
			);
			dependencies = (
			);
			name = JazzHandsDemo;
			productName = JazzHandsDemo;
			productReference = 03063ECB17F5FAAD007D7A97 /* JazzHandsDemo.app */;
			productType = "com.apple.product-type.application";
		};
		03063EE517F5FAAD007D7A97 /* JazzHandsDemoTests */ = {
			isa = PBXNativeTarget;
			buildConfigurationList = 03063EFA17F5FAAD007D7A97 /* Build configuration list for PBXNativeTarget "JazzHandsDemoTests" */;
			buildPhases = (
				03063EE217F5FAAD007D7A97 /* Sources */,
				03063EE317F5FAAD007D7A97 /* Frameworks */,
				03063EE417F5FAAD007D7A97 /* Resources */,
			);
			buildRules = (
			);
			dependencies = (
				03063EEC17F5FAAD007D7A97 /* PBXTargetDependency */,
			);
			name = JazzHandsDemoTests;
			productName = JazzHandsDemoTests;
			productReference = 03063EE617F5FAAD007D7A97 /* JazzHandsDemoTests.xctest */;
			productType = "com.apple.product-type.bundle.unit-test";
		};
/* End PBXNativeTarget section */

/* Begin PBXProject section */
		03063EC317F5FAAC007D7A97 /* Project object */ = {
			isa = PBXProject;
			attributes = {
				CLASSPREFIX = IFTTT;
				LastUpgradeCheck = 0500;
				ORGANIZATIONNAME = "IFTTT Inc";
				TargetAttributes = {
					03063EE517F5FAAD007D7A97 = {
						TestTargetID = 03063ECA17F5FAAD007D7A97;
					};
				};
			};
			buildConfigurationList = 03063EC617F5FAAC007D7A97 /* Build configuration list for PBXProject "JazzHandsDemo" */;
			compatibilityVersion = "Xcode 3.2";
			developmentRegion = English;
			hasScannedForEncodings = 0;
			knownRegions = (
				en,
			);
			mainGroup = 03063EC217F5FAAC007D7A97;
			productRefGroup = 03063ECC17F5FAAD007D7A97 /* Products */;
			projectDirPath = "";
			projectRoot = "";
			targets = (
				03063ECA17F5FAAD007D7A97 /* JazzHandsDemo */,
				03063EE517F5FAAD007D7A97 /* JazzHandsDemoTests */,
			);
		};
/* End PBXProject section */

/* Begin PBXResourcesBuildPhase section */
		03063EC917F5FAAD007D7A97 /* Resources */ = {
			isa = PBXResourcesBuildPhase;
			buildActionMask = 2147483647;
			files = (
				03063ED917F5FAAD007D7A97 /* InfoPlist.strings in Resources */,
				03063EE117F5FAAD007D7A97 /* Images.xcassets in Resources */,
			);
			runOnlyForDeploymentPostprocessing = 0;
		};
		03063EE417F5FAAD007D7A97 /* Resources */ = {
			isa = PBXResourcesBuildPhase;
			buildActionMask = 2147483647;
			files = (
				03063EF217F5FAAD007D7A97 /* InfoPlist.strings in Resources */,
			);
			runOnlyForDeploymentPostprocessing = 0;
		};
/* End PBXResourcesBuildPhase section */

/* Begin PBXSourcesBuildPhase section */
		03063EC717F5FAAD007D7A97 /* Sources */ = {
			isa = PBXSourcesBuildPhase;
			buildActionMask = 2147483647;
			files = (
				03063F9A17F772A1007D7A97 /* IFTTTAnimator.m in Sources */,
				03063F9B17F772A1007D7A97 /* IFTTTHideAnimation.m in Sources */,
				03063EDF17F5FAAD007D7A97 /* IFTTTJazzHandsAppDelegate.m in Sources */,
				03063F1F17F5FC61007D7A97 /* IFTTTJazzHandsViewController.m in Sources */,
				03063F1417F5FB91007D7A97 /* IFTTTAnimation.m in Sources */,
				03063F1517F5FB91007D7A97 /* IFTTTAnimationKeyFrame.m in Sources */,
				03063F3817F6B1E3007D7A97 /* IFTTTFrameAnimation.m in Sources */,
				03063EDB17F5FAAD007D7A97 /* main.m in Sources */,
				03063F3B17F6B2BB007D7A97 /* IFTTTAlphaAnimation.m in Sources */,
				03063F2917F61DBE007D7A97 /* IFTTTAnimationFrame.m in Sources */,
				03063F1217F5FB91007D7A97 /* IFTTTAnimatedScrollViewController.m in Sources */,
			);
			runOnlyForDeploymentPostprocessing = 0;
		};
		03063EE217F5FAAD007D7A97 /* Sources */ = {
			isa = PBXSourcesBuildPhase;
			buildActionMask = 2147483647;
			files = (
				03063EF417F5FAAD007D7A97 /* JazzHandsDemoTests.m in Sources */,
			);
			runOnlyForDeploymentPostprocessing = 0;
		};
/* End PBXSourcesBuildPhase section */

/* Begin PBXTargetDependency section */
		03063EEC17F5FAAD007D7A97 /* PBXTargetDependency */ = {
			isa = PBXTargetDependency;
			target = 03063ECA17F5FAAD007D7A97 /* JazzHandsDemo */;
			targetProxy = 03063EEB17F5FAAD007D7A97 /* PBXContainerItemProxy */;
		};
/* End PBXTargetDependency section */

/* Begin PBXVariantGroup section */
		03063ED717F5FAAD007D7A97 /* InfoPlist.strings */ = {
			isa = PBXVariantGroup;
			children = (
				03063ED817F5FAAD007D7A97 /* en */,
			);
			name = InfoPlist.strings;
			sourceTree = "<group>";
		};
		03063EF017F5FAAD007D7A97 /* InfoPlist.strings */ = {
			isa = PBXVariantGroup;
			children = (
				03063EF117F5FAAD007D7A97 /* en */,
			);
			name = InfoPlist.strings;
			sourceTree = "<group>";
		};
/* End PBXVariantGroup section */

/* Begin XCBuildConfiguration section */
		03063EF517F5FAAD007D7A97 /* Debug */ = {
			isa = XCBuildConfiguration;
			buildSettings = {
				ALWAYS_SEARCH_USER_PATHS = NO;
				ARCHS = "$(ARCHS_STANDARD_INCLUDING_64_BIT)";
				CLANG_CXX_LANGUAGE_STANDARD = "gnu++0x";
				CLANG_CXX_LIBRARY = "libc++";
				CLANG_ENABLE_MODULES = YES;
				CLANG_ENABLE_OBJC_ARC = YES;
				CLANG_WARN_BOOL_CONVERSION = YES;
				CLANG_WARN_CONSTANT_CONVERSION = YES;
				CLANG_WARN_DIRECT_OBJC_ISA_USAGE = YES_ERROR;
				CLANG_WARN_EMPTY_BODY = YES;
				CLANG_WARN_ENUM_CONVERSION = YES;
				CLANG_WARN_INT_CONVERSION = YES;
				CLANG_WARN_OBJC_ROOT_CLASS = YES_ERROR;
				CLANG_WARN__DUPLICATE_METHOD_MATCH = YES;
				"CODE_SIGN_IDENTITY[sdk=iphoneos*]" = "iPhone Developer";
				COPY_PHASE_STRIP = NO;
				GCC_C_LANGUAGE_STANDARD = gnu99;
				GCC_DYNAMIC_NO_PIC = NO;
				GCC_OPTIMIZATION_LEVEL = 0;
				GCC_PREPROCESSOR_DEFINITIONS = (
					"DEBUG=1",
					"$(inherited)",
				);
				GCC_SYMBOLS_PRIVATE_EXTERN = NO;
				GCC_WARN_64_TO_32_BIT_CONVERSION = YES;
				GCC_WARN_ABOUT_RETURN_TYPE = YES_ERROR;
				GCC_WARN_UNDECLARED_SELECTOR = YES;
				GCC_WARN_UNINITIALIZED_AUTOS = YES;
				GCC_WARN_UNUSED_FUNCTION = YES;
				GCC_WARN_UNUSED_VARIABLE = YES;
				IPHONEOS_DEPLOYMENT_TARGET = 7.0;
				ONLY_ACTIVE_ARCH = YES;
				SDKROOT = iphoneos;
			};
			name = Debug;
		};
		03063EF617F5FAAD007D7A97 /* Release */ = {
			isa = XCBuildConfiguration;
			buildSettings = {
				ALWAYS_SEARCH_USER_PATHS = NO;
				ARCHS = "$(ARCHS_STANDARD_INCLUDING_64_BIT)";
				CLANG_CXX_LANGUAGE_STANDARD = "gnu++0x";
				CLANG_CXX_LIBRARY = "libc++";
				CLANG_ENABLE_MODULES = YES;
				CLANG_ENABLE_OBJC_ARC = YES;
				CLANG_WARN_BOOL_CONVERSION = YES;
				CLANG_WARN_CONSTANT_CONVERSION = YES;
				CLANG_WARN_DIRECT_OBJC_ISA_USAGE = YES_ERROR;
				CLANG_WARN_EMPTY_BODY = YES;
				CLANG_WARN_ENUM_CONVERSION = YES;
				CLANG_WARN_INT_CONVERSION = YES;
				CLANG_WARN_OBJC_ROOT_CLASS = YES_ERROR;
				CLANG_WARN__DUPLICATE_METHOD_MATCH = YES;
				"CODE_SIGN_IDENTITY[sdk=iphoneos*]" = "iPhone Developer";
				COPY_PHASE_STRIP = YES;
				ENABLE_NS_ASSERTIONS = NO;
				GCC_C_LANGUAGE_STANDARD = gnu99;
				GCC_WARN_64_TO_32_BIT_CONVERSION = YES;
				GCC_WARN_ABOUT_RETURN_TYPE = YES_ERROR;
				GCC_WARN_UNDECLARED_SELECTOR = YES;
				GCC_WARN_UNINITIALIZED_AUTOS = YES;
				GCC_WARN_UNUSED_FUNCTION = YES;
				GCC_WARN_UNUSED_VARIABLE = YES;
				IPHONEOS_DEPLOYMENT_TARGET = 7.0;
				SDKROOT = iphoneos;
				VALIDATE_PRODUCT = YES;
			};
			name = Release;
		};
		03063EF817F5FAAD007D7A97 /* Debug */ = {
			isa = XCBuildConfiguration;
			buildSettings = {
				ASSETCATALOG_COMPILER_APPICON_NAME = AppIcon;
				ASSETCATALOG_COMPILER_LAUNCHIMAGE_NAME = LaunchImage;
				GCC_PRECOMPILE_PREFIX_HEADER = YES;
				GCC_PREFIX_HEADER = "JazzHandsDemo/JazzHandsDemo-Prefix.pch";
				INFOPLIST_FILE = "JazzHandsDemo/JazzHandsDemo-Info.plist";
				PRODUCT_NAME = "$(TARGET_NAME)";
				WRAPPER_EXTENSION = app;
			};
			name = Debug;
		};
		03063EF917F5FAAD007D7A97 /* Release */ = {
			isa = XCBuildConfiguration;
			buildSettings = {
				ASSETCATALOG_COMPILER_APPICON_NAME = AppIcon;
				ASSETCATALOG_COMPILER_LAUNCHIMAGE_NAME = LaunchImage;
				GCC_PRECOMPILE_PREFIX_HEADER = YES;
				GCC_PREFIX_HEADER = "JazzHandsDemo/JazzHandsDemo-Prefix.pch";
				INFOPLIST_FILE = "JazzHandsDemo/JazzHandsDemo-Info.plist";
				PRODUCT_NAME = "$(TARGET_NAME)";
				WRAPPER_EXTENSION = app;
			};
			name = Release;
		};
		03063EFB17F5FAAD007D7A97 /* Debug */ = {
			isa = XCBuildConfiguration;
			buildSettings = {
				ARCHS = "$(ARCHS_STANDARD_INCLUDING_64_BIT)";
				BUNDLE_LOADER = "$(BUILT_PRODUCTS_DIR)/JazzHandsDemo.app/JazzHandsDemo";
				FRAMEWORK_SEARCH_PATHS = (
					"$(SDKROOT)/Developer/Library/Frameworks",
					"$(inherited)",
					"$(DEVELOPER_FRAMEWORKS_DIR)",
				);
				GCC_PRECOMPILE_PREFIX_HEADER = YES;
				GCC_PREFIX_HEADER = "JazzHandsDemo/JazzHandsDemo-Prefix.pch";
				GCC_PREPROCESSOR_DEFINITIONS = (
					"DEBUG=1",
					"$(inherited)",
				);
				INFOPLIST_FILE = "JazzHandsDemoTests/JazzHandsDemoTests-Info.plist";
				PRODUCT_NAME = "$(TARGET_NAME)";
				TEST_HOST = "$(BUNDLE_LOADER)";
				WRAPPER_EXTENSION = xctest;
			};
			name = Debug;
		};
		03063EFC17F5FAAD007D7A97 /* Release */ = {
			isa = XCBuildConfiguration;
			buildSettings = {
				ARCHS = "$(ARCHS_STANDARD_INCLUDING_64_BIT)";
				BUNDLE_LOADER = "$(BUILT_PRODUCTS_DIR)/JazzHandsDemo.app/JazzHandsDemo";
				FRAMEWORK_SEARCH_PATHS = (
					"$(SDKROOT)/Developer/Library/Frameworks",
					"$(inherited)",
					"$(DEVELOPER_FRAMEWORKS_DIR)",
				);
				GCC_PRECOMPILE_PREFIX_HEADER = YES;
				GCC_PREFIX_HEADER = "JazzHandsDemo/JazzHandsDemo-Prefix.pch";
				INFOPLIST_FILE = "JazzHandsDemoTests/JazzHandsDemoTests-Info.plist";
				PRODUCT_NAME = "$(TARGET_NAME)";
				TEST_HOST = "$(BUNDLE_LOADER)";
				WRAPPER_EXTENSION = xctest;
			};
			name = Release;
		};
/* End XCBuildConfiguration section */

/* Begin XCConfigurationList section */
		03063EC617F5FAAC007D7A97 /* Build configuration list for PBXProject "JazzHandsDemo" */ = {
			isa = XCConfigurationList;
			buildConfigurations = (
				03063EF517F5FAAD007D7A97 /* Debug */,
				03063EF617F5FAAD007D7A97 /* Release */,
			);
			defaultConfigurationIsVisible = 0;
			defaultConfigurationName = Release;
		};
		03063EF717F5FAAD007D7A97 /* Build configuration list for PBXNativeTarget "JazzHandsDemo" */ = {
			isa = XCConfigurationList;
			buildConfigurations = (
				03063EF817F5FAAD007D7A97 /* Debug */,
				03063EF917F5FAAD007D7A97 /* Release */,
			);
			defaultConfigurationIsVisible = 0;
			defaultConfigurationName = Release;
		};
		03063EFA17F5FAAD007D7A97 /* Build configuration list for PBXNativeTarget "JazzHandsDemoTests" */ = {
			isa = XCConfigurationList;
			buildConfigurations = (
				03063EFB17F5FAAD007D7A97 /* Debug */,
				03063EFC17F5FAAD007D7A97 /* Release */,
			);
			defaultConfigurationIsVisible = 0;
			defaultConfigurationName = Release;
		};
/* End XCConfigurationList section */
	};
	rootObject = 03063EC317F5FAAC007D7A97 /* Project object */;
}
