PODS:
  - FBSnapshotTestCase (1.5)
  - JazzHands (0.2.0)
  - KIF (3.1.2):
    - KIF/XCTest (= 3.1.2)
  - KIF/XCTest (3.1.2)

DEPENDENCIES:
  - FBSnapshotTestCase
  - JazzHands (from `../JazzHands.podspec`)
  - KIF

EXTERNAL SOURCES:
  JazzHands:
    :path: ../JazzHands.podspec

SPEC CHECKSUMS:
  FBSnapshotTestCase: e2914fbaabccea1dcc773d6a16b1c24540642488
  JazzHands: 9c08cc1dfc2883bd17892cf7b69dc96c577958e3
  KIF: 068074b24dd455025e7f2a488ba4fb07b9ce047b

COCOAPODS: 0.35.0
